
Microsoft Visual Studio Solution File, Format Version 12.00
# Visual Studio Version 17
VisualStudioVersion = 17.3.32922.545
MinimumVisualStudioVersion = 10.0.40219.1
Project("{FAE04EC0-301F-11D3-BF4B-00C04F79EFBC}") = "NegocioObject", "NegocioObject\NegocioObject.csproj", "{0539B5B8-5EDF-437C-9930-A02A79F8A286}"
EndProject
Project("{FAE04EC0-301F-11D3-BF4B-00C04F79EFBC}") = "WEB", "WEB\WEB.csproj", "{15065C66-DE71-43E4-B592-CA7C34228F59}"
EndProject
Project("{2150E333-8FDC-42A3-9474-1A3956D46DE8}") = ".NetFramework", ".NetFramework", "{5117245E-4794-47D4-ADAE-AC9B95183B79}"
EndProject
Project("{2150E333-8FDC-42A3-9474-1A3956D46DE8}") = ".NetCore", ".NetCore", "{95BB4EDC-B873-44BA-989F-7AC8A40DD283}"
EndProject
Project("{FAE04EC0-301F-11D3-BF4B-00C04F79EFBC}") = "BO", "BO\BO.csproj", "{8C6657CA-8076-4E83-A237-C80CB1368633}"
EndProject
Project("{FAE04EC0-301F-11D3-BF4B-00C04F79EFBC}") = "WebNetCore", "WebNetCore\WebNetCore.csproj", "{5990249B-3433-457E-903D-66DE7431C7B5}"
EndProject
Global
	GlobalSection(SolutionConfigurationPlatforms) = preSolution
		Debug|Any CPU = Debug|Any CPU
		Release|Any CPU = Release|Any CPU
	EndGlobalSection
	GlobalSection(ProjectConfigurationPlatforms) = postSolution
		{0539B5B8-5EDF-437C-9930-A02A79F8A286}.Debug|Any CPU.ActiveCfg = Debug|Any CPU
		{0539B5B8-5EDF-437C-9930-A02A79F8A286}.Debug|Any CPU.Build.0 = Debug|Any CPU
		{0539B5B8-5EDF-437C-9930-A02A79F8A286}.Release|Any CPU.ActiveCfg = Release|Any CPU
		{0539B5B8-5EDF-437C-9930-A02A79F8A286}.Release|Any CPU.Build.0 = Release|Any CPU
		{15065C66-DE71-43E4-B592-CA7C34228F59}.Debug|Any CPU.ActiveCfg = Debug|Any CPU
		{15065C66-DE71-43E4-B592-CA7C34228F59}.Debug|Any CPU.Build.0 = Debug|Any CPU
		{15065C66-DE71-43E4-B592-CA7C34228F59}.Release|Any CPU.ActiveCfg = Release|Any CPU
		{15065C66-DE71-43E4-B592-CA7C34228F59}.Release|Any CPU.Build.0 = Release|Any CPU
		{8C6657CA-8076-4E83-A237-C80CB1368633}.Debug|Any CPU.ActiveCfg = Debug|Any CPU
		{8C6657CA-8076-4E83-A237-C80CB1368633}.Debug|Any CPU.Build.0 = Debug|Any CPU
		{8C6657CA-8076-4E83-A237-C80CB1368633}.Release|Any CPU.ActiveCfg = Release|Any CPU
		{8C6657CA-8076-4E83-A237-C80CB1368633}.Release|Any CPU.Build.0 = Release|Any CPU
		{5990249B-3433-457E-903D-66DE7431C7B5}.Debug|Any CPU.ActiveCfg = Debug|Any CPU
		{5990249B-3433-457E-903D-66DE7431C7B5}.Debug|Any CPU.Build.0 = Debug|Any CPU
		{5990249B-3433-457E-903D-66DE7431C7B5}.Release|Any CPU.ActiveCfg = Release|Any CPU
		{5990249B-3433-457E-903D-66DE7431C7B5}.Release|Any CPU.Build.0 = Release|Any CPU
	EndGlobalSection
	GlobalSection(SolutionProperties) = preSolution
		HideSolutionNode = FALSE
	EndGlobalSection
	GlobalSection(NestedProjects) = preSolution
		{0539B5B8-5EDF-437C-9930-A02A79F8A286} = {5117245E-4794-47D4-ADAE-AC9B95183B79}
		{15065C66-DE71-43E4-B592-CA7C34228F59} = {5117245E-4794-47D4-ADAE-AC9B95183B79}
		{8C6657CA-8076-4E83-A237-C80CB1368633} = {95BB4EDC-B873-44BA-989F-7AC8A40DD283}
		{5990249B-3433-457E-903D-66DE7431C7B5} = {95BB4EDC-B873-44BA-989F-7AC8A40DD283}
	EndGlobalSection
	GlobalSection(ExtensibilityGlobals) = postSolution
		SolutionGuid = {6F1CC0A2-F2FC-494F-AFD6-1890D554632C}
	EndGlobalSection
EndGlobal
